
Microsoft Visual Studio Solution File, Format Version 12.00
# Visual Studio Version 17
VisualStudioVersion = 17.5.33627.172
MinimumVisualStudioVersion = 10.0.40219.1
Project("{FAE04EC0-301F-11D3-BF4B-00C04F79EFBC}") = "homeWorkPartOne", "homeWorkPartOne.csproj", "{A9C5E46A-B819-4B71-A2CD-A9DC98D91F17}"
EndProject
Global
	GlobalSection(SolutionConfigurationPlatforms) = preSolution
		Debug|Any CPU = Debug|Any CPU
		Release|Any CPU = Release|Any CPU
	EndGlobalSection
	GlobalSection(ProjectConfigurationPlatforms) = postSolution
		{A9C5E46A-B819-4B71-A2CD-A9DC98D91F17}.Debug|Any CPU.ActiveCfg = Debug|Any CPU
		{A9C5E46A-B819-4B71-A2CD-A9DC98D91F17}.Debug|Any CPU.Build.0 = Debug|Any CPU
		{A9C5E46A-B819-4B71-A2CD-A9DC98D91F17}.Release|Any CPU.ActiveCfg = Release|Any CPU
		{A9C5E46A-B819-4B71-A2CD-A9DC98D91F17}.Release|Any CPU.Build.0 = Release|Any CPU
	EndGlobalSection
	GlobalSection(SolutionProperties) = preSolution
		HideSolutionNode = FALSE
	EndGlobalSection
	GlobalSection(ExtensibilityGlobals) = postSolution
		SolutionGuid = {9F154AFB-3A19-491F-A4A4-0CDC0733EC77}
	EndGlobalSection
EndGlobal
